
Microsoft Visual Studio Solution File, Format Version 12.00
# Visual Studio Version 16
VisualStudioVersion = 16.0.29230.47
MinimumVisualStudioVersion = 10.0.40219.1
Project("{FAE04EC0-301F-11D3-BF4B-00C04F79EFBC}") = "WebApplication2", "WebApplication2\WebApplication2.csproj", "{F6F4D352-2FA4-4547-92AD-D9EA1AA7EAA0}"
EndProject
Global
	GlobalSection(SolutionConfigurationPlatforms) = preSolution
		Debug|Any CPU = Debug|Any CPU
		Release|Any CPU = Release|Any CPU
	EndGlobalSection
	GlobalSection(ProjectConfigurationPlatforms) = postSolution
		{F6F4D352-2FA4-4547-92AD-D9EA1AA7EAA0}.Debug|Any CPU.ActiveCfg = Debug|Any CPU
		{F6F4D352-2FA4-4547-92AD-D9EA1AA7EAA0}.Debug|Any CPU.Build.0 = Debug|Any CPU
		{F6F4D352-2FA4-4547-92AD-D9EA1AA7EAA0}.Release|Any CPU.ActiveCfg = Release|Any CPU
		{F6F4D352-2FA4-4547-92AD-D9EA1AA7EAA0}.Release|Any CPU.Build.0 = Release|Any CPU
	EndGlobalSection
	GlobalSection(SolutionProperties) = preSolution
		HideSolutionNode = FALSE
	EndGlobalSection
	GlobalSection(ExtensibilityGlobals) = postSolution
		SolutionGuid = {6EBB39E5-D2CC-4632-9928-2A17C89C6C32}
	EndGlobalSection
EndGlobal
